
Microsoft Visual Studio Solution File, Format Version 12.00
# Visual Studio Version 16
VisualStudioVersion = 16.0.32228.343
MinimumVisualStudioVersion = 10.0.40219.1
Project("{FAE04EC0-301F-11D3-BF4B-00C04F79EFBC}") = "Мarketplace", "Мarketplace.csproj", "{4EAE2B87-913D-4E70-8816-113ECF60ADE2}"
EndProject
Global
	GlobalSection(SolutionConfigurationPlatforms) = preSolution
		Debug|Any CPU = Debug|Any CPU
		Release|Any CPU = Release|Any CPU
	EndGlobalSection
	GlobalSection(ProjectConfigurationPlatforms) = postSolution
		{4EAE2B87-913D-4E70-8816-113ECF60ADE2}.Debug|Any CPU.ActiveCfg = Debug|Any CPU
		{4EAE2B87-913D-4E70-8816-113ECF60ADE2}.Debug|Any CPU.Build.0 = Debug|Any CPU
		{4EAE2B87-913D-4E70-8816-113ECF60ADE2}.Release|Any CPU.ActiveCfg = Release|Any CPU
		{4EAE2B87-913D-4E70-8816-113ECF60ADE2}.Release|Any CPU.Build.0 = Release|Any CPU
	EndGlobalSection
	GlobalSection(SolutionProperties) = preSolution
		HideSolutionNode = FALSE
	EndGlobalSection
	GlobalSection(ExtensibilityGlobals) = postSolution
		SolutionGuid = {FFFFF89C-A7FE-4BD1-8618-6103BF89A9BF}
	EndGlobalSection
EndGlobal
